// !$*UTF8*$!
{
	archiveVersion = 1;
	classes = {
	};
	objectVersion = 77;
	objects = {

/* Begin PBXBuildFile section */
		D0373D052E1D2E740081FF26 /* GoogleService-Info.plist in Resources */ = {isa = PBXBuildFile; fileRef = D0373D042E1D2E740081FF26 /* GoogleService-Info.plist */; };
		D0373D082E1D2EDD0081FF26 /* FirebaseAuth in Frameworks */ = {isa = PBXBuildFile; productRef = D0373D072E1D2EDD0081FF26 /* FirebaseAuth */; };
		D0373D0A2E1D2EDD0081FF26 /* FirebaseCore in Frameworks */ = {isa = PBXBuildFile; productRef = D0373D092E1D2EDD0081FF26 /* FirebaseCore */; };
		D0373D0C2E1D2EDD0081FF26 /* FirebaseDatabase in Frameworks */ = {isa = PBXBuildFile; productRef = D0373D0B2E1D2EDD0081FF26 /* FirebaseDatabase */; };
		D0373D0E2E1D2EDD0081FF26 /* FirebaseFirestore in Frameworks */ = {isa = PBXBuildFile; productRef = D0373D0D2E1D2EDD0081FF26 /* FirebaseFirestore */; };
		D0373D102E1D2EDD0081FF26 /* FirebaseFunctions in Frameworks */ = {isa = PBXBuildFile; productRef = D0373D0F2E1D2EDD0081FF26 /* FirebaseFunctions */; };
		D0373D122E1D2EDD0081FF26 /* FirebaseFunctionsCombine-Community in Frameworks */ = {isa = PBXBuildFile; productRef = D0373D112E1D2EDD0081FF26 /* FirebaseFunctionsCombine-Community */; };
		D0373D142E1D2EDD0081FF26 /* FirebaseInAppMessaging-Beta in Frameworks */ = {isa = PBXBuildFile; productRef = D0373D132E1D2EDD0081FF26 /* FirebaseInAppMessaging-Beta */; };
		D0373D162E1D2EDD0081FF26 /* FirebaseMessaging in Frameworks */ = {isa = PBXBuildFile; productRef = D0373D152E1D2EDD0081FF26 /* FirebaseMessaging */; };
		D0373D182E1D2EDD0081FF26 /* FirebaseStorage in Frameworks */ = {isa = PBXBuildFile; productRef = D0373D172E1D2EDD0081FF26 /* FirebaseStorage */; };
		D0373D1A2E1D2EDD0081FF26 /* FirebaseStorageCombine-Community in Frameworks */ = {isa = PBXBuildFile; productRef = D0373D192E1D2EDD0081FF26 /* FirebaseStorageCombine-Community */; };
/* End PBXBuildFile section */

/* Begin PBXFileReference section */
		D0373CC92E1C55950081FF26 /* MeTime.app */ = {isa = PBXFileReference; explicitFileType = wrapper.application; includeInIndex = 0; path = MeTime.app; sourceTree = BUILT_PRODUCTS_DIR; };
		D0373D042E1D2E740081FF26 /* GoogleService-Info.plist */ = {isa = PBXFileReference; lastKnownFileType = text.plist.xml; path = "GoogleService-Info.plist"; sourceTree = "<group>"; };
/* End PBXFileReference section */

/* Begin PBXFileSystemSynchronizedRootGroup section */
		D0373CCB2E1C55950081FF26 /* MeTime */ = {
			isa = PBXFileSystemSynchronizedRootGroup;
			path = MeTime;
			sourceTree = "<group>";
		};
/* End PBXFileSystemSynchronizedRootGroup section */

/* Begin PBXFrameworksBuildPhase section */
		D0373CC62E1C55950081FF26 /* Frameworks */ = {
			isa = PBXFrameworksBuildPhase;
			buildActionMask = 2147483647;
			files = (
				D0373D162E1D2EDD0081FF26 /* FirebaseMessaging in Frameworks */,
				D0373D0C2E1D2EDD0081FF26 /* FirebaseDatabase in Frameworks */,
				D0373D1A2E1D2EDD0081FF26 /* FirebaseStorageCombine-Community in Frameworks */,
				D0373D182E1D2EDD0081FF26 /* FirebaseStorage in Frameworks */,
				D0373D142E1D2EDD0081FF26 /* FirebaseInAppMessaging-Beta in Frameworks */,
				D0373D0E2E1D2EDD0081FF26 /* FirebaseFirestore in Frameworks */,
				D0373D102E1D2EDD0081FF26 /* FirebaseFunctions in Frameworks */,
				D0373D0A2E1D2EDD0081FF26 /* FirebaseCore in Frameworks */,
				D0373D082E1D2EDD0081FF26 /* FirebaseAuth in Frameworks */,
				D0373D122E1D2EDD0081FF26 /* FirebaseFunctionsCombine-Community in Frameworks */,
			);
			runOnlyForDeploymentPostprocessing = 0;
		};
/* End PBXFrameworksBuildPhase section */

/* Begin PBXGroup section */
		D0373CC02E1C55950081FF26 = {
			isa = PBXGroup;
			children = (
				D0373D042E1D2E740081FF26 /* GoogleService-Info.plist */,
				D0373CCB2E1C55950081FF26 /* MeTime */,
				D0373CCA2E1C55950081FF26 /* Products */,
			);
			sourceTree = "<group>";
		};
		D0373CCA2E1C55950081FF26 /* Products */ = {
			isa = PBXGroup;
			children = (
				D0373CC92E1C55950081FF26 /* MeTime.app */,
			);
			name = Products;
			sourceTree = "<group>";
		};
/* End PBXGroup section */

/* Begin PBXNativeTarget section */
		D0373CC82E1C55950081FF26 /* MeTime */ = {
			isa = PBXNativeTarget;
			buildConfigurationList = D0373CDA2E1C55960081FF26 /* Build configuration list for PBXNativeTarget "MeTime" */;
			buildPhases = (
				D0373CC52E1C55950081FF26 /* Sources */,
				D0373CC62E1C55950081FF26 /* Frameworks */,
				D0373CC72E1C55950081FF26 /* Resources */,
			);
			buildRules = (
			);
			dependencies = (
			);
			fileSystemSynchronizedGroups = (
				D0373CCB2E1C55950081FF26 /* MeTime */,
			);
			name = MeTime;
			packageProductDependencies = (
				D0373D072E1D2EDD0081FF26 /* FirebaseAuth */,
				D0373D092E1D2EDD0081FF26 /* FirebaseCore */,
				D0373D0B2E1D2EDD0081FF26 /* FirebaseDatabase */,
				D0373D0D2E1D2EDD0081FF26 /* FirebaseFirestore */,
				D0373D0F2E1D2EDD0081FF26 /* FirebaseFunctions */,
				D0373D112E1D2EDD0081FF26 /* FirebaseFunctionsCombine-Community */,
				D0373D132E1D2EDD0081FF26 /* FirebaseInAppMessaging-Beta */,
				D0373D152E1D2EDD0081FF26 /* FirebaseMessaging */,
				D0373D172E1D2EDD0081FF26 /* FirebaseStorage */,
				D0373D192E1D2EDD0081FF26 /* FirebaseStorageCombine-Community */,
			);
			productName = MeTime;
			productReference = D0373CC92E1C55950081FF26 /* MeTime.app */;
			productType = "com.apple.product-type.application";
		};
/* End PBXNativeTarget section */

/* Begin PBXProject section */
		D0373CC12E1C55950081FF26 /* Project object */ = {
			isa = PBXProject;
			attributes = {
				BuildIndependentTargetsInParallel = 1;
				LastSwiftUpdateCheck = 1620;
				LastUpgradeCheck = 1620;
				TargetAttributes = {
					D0373CC82E1C55950081FF26 = {
						CreatedOnToolsVersion = 16.2;
					};
				};
			};
			buildConfigurationList = D0373CC42E1C55950081FF26 /* Build configuration list for PBXProject "MeTime" */;
			developmentRegion = en;
			hasScannedForEncodings = 0;
			knownRegions = (
				en,
				Base,
			);
			mainGroup = D0373CC02E1C55950081FF26;
			minimizedProjectReferenceProxies = 1;
			packageReferences = (
				D0373D062E1D2EDD0081FF26 /* XCRemoteSwiftPackageReference "firebase-ios-sdk" */,
			);
			preferredProjectObjectVersion = 77;
			productRefGroup = D0373CCA2E1C55950081FF26 /* Products */;
			projectDirPath = "";
			projectRoot = "";
			targets = (
				D0373CC82E1C55950081FF26 /* MeTime */,
			);
		};
/* End PBXProject section */

/* Begin PBXResourcesBuildPhase section */
		D0373CC72E1C55950081FF26 /* Resources */ = {
			isa = PBXResourcesBuildPhase;
			buildActionMask = 2147483647;
			files = (
				D0373D052E1D2E740081FF26 /* GoogleService-Info.plist in Resources */,
			);
			runOnlyForDeploymentPostprocessing = 0;
		};
/* End PBXResourcesBuildPhase section */

/* Begin PBXSourcesBuildPhase section */
		D0373CC52E1C55950081FF26 /* Sources */ = {
			isa = PBXSourcesBuildPhase;
			buildActionMask = 2147483647;
			files = (
			);
			runOnlyForDeploymentPostprocessing = 0;
		};
/* End PBXSourcesBuildPhase section */

/* Begin XCBuildConfiguration section */
		D0373CD82E1C55960081FF26 /* Debug */ = {
			isa = XCBuildConfiguration;
			buildSettings = {
				ALWAYS_SEARCH_USER_PATHS = NO;
				ASSETCATALOG_COMPILER_GENERATE_SWIFT_ASSET_SYMBOL_EXTENSIONS = YES;
				CLANG_ANALYZER_NONNULL = YES;
				CLANG_ANALYZER_NUMBER_OBJECT_CONVERSION = YES_AGGRESSIVE;
				CLANG_CXX_LANGUAGE_STANDARD = "gnu++20";
				CLANG_ENABLE_MODULES = YES;
				CLANG_ENABLE_OBJC_ARC = YES;
				CLANG_ENABLE_OBJC_WEAK = YES;
				CLANG_WARN_BLOCK_CAPTURE_AUTORELEASING = YES;
				CLANG_WARN_BOOL_CONVERSION = YES;
				CLANG_WARN_COMMA = YES;
				CLANG_WARN_CONSTANT_CONVERSION = YES;
				CLANG_WARN_DEPRECATED_OBJC_IMPLEMENTATIONS = YES;
				CLANG_WARN_DIRECT_OBJC_ISA_USAGE = YES_ERROR;
				CLANG_WARN_DOCUMENTATION_COMMENTS = YES;
				CLANG_WARN_EMPTY_BODY = YES;
				CLANG_WARN_ENUM_CONVERSION = YES;
				CLANG_WARN_INFINITE_RECURSION = YES;
				CLANG_WARN_INT_CONVERSION = YES;
				CLANG_WARN_NON_LITERAL_NULL_CONVERSION = YES;
				CLANG_WARN_OBJC_IMPLICIT_RETAIN_SELF = YES;
				CLANG_WARN_OBJC_LITERAL_CONVERSION = YES;
				CLANG_WARN_OBJC_ROOT_CLASS = YES_ERROR;
				CLANG_WARN_QUOTED_INCLUDE_IN_FRAMEWORK_HEADER = YES;
				CLANG_WARN_RANGE_LOOP_ANALYSIS = YES;
				CLANG_WARN_STRICT_PROTOTYPES = YES;
				CLANG_WARN_SUSPICIOUS_MOVE = YES;
				CLANG_WARN_UNGUARDED_AVAILABILITY = YES_AGGRESSIVE;
				CLANG_WARN_UNREACHABLE_CODE = YES;
				CLANG_WARN__DUPLICATE_METHOD_MATCH = YES;
				COPY_PHASE_STRIP = NO;
				DEBUG_INFORMATION_FORMAT = dwarf;
				ENABLE_STRICT_OBJC_MSGSEND = YES;
				ENABLE_TESTABILITY = YES;
				ENABLE_USER_SCRIPT_SANDBOXING = YES;
				GCC_C_LANGUAGE_STANDARD = gnu17;
				GCC_DYNAMIC_NO_PIC = NO;
				GCC_NO_COMMON_BLOCKS = YES;
				GCC_OPTIMIZATION_LEVEL = 0;
				GCC_PREPROCESSOR_DEFINITIONS = (
					"DEBUG=1",
					"$(inherited)",
				);
				GCC_WARN_64_TO_32_BIT_CONVERSION = YES;
				GCC_WARN_ABOUT_RETURN_TYPE = YES_ERROR;
				GCC_WARN_UNDECLARED_SELECTOR = YES;
				GCC_WARN_UNINITIALIZED_AUTOS = YES_AGGRESSIVE;
				GCC_WARN_UNUSED_FUNCTION = YES;
				GCC_WARN_UNUSED_VARIABLE = YES;
				LOCALIZATION_PREFERS_STRING_CATALOGS = YES;
				MTL_ENABLE_DEBUG_INFO = INCLUDE_SOURCE;
				MTL_FAST_MATH = YES;
				ONLY_ACTIVE_ARCH = YES;
				SWIFT_ACTIVE_COMPILATION_CONDITIONS = "DEBUG $(inherited)";
				SWIFT_OPTIMIZATION_LEVEL = "-Onone";
			};
			name = Debug;
		};
		D0373CD92E1C55960081FF26 /* Release */ = {
			isa = XCBuildConfiguration;
			buildSettings = {
				ALWAYS_SEARCH_USER_PATHS = NO;
				ASSETCATALOG_COMPILER_GENERATE_SWIFT_ASSET_SYMBOL_EXTENSIONS = YES;
				CLANG_ANALYZER_NONNULL = YES;
				CLANG_ANALYZER_NUMBER_OBJECT_CONVERSION = YES_AGGRESSIVE;
				CLANG_CXX_LANGUAGE_STANDARD = "gnu++20";
				CLANG_ENABLE_MODULES = YES;
				CLANG_ENABLE_OBJC_ARC = YES;
				CLANG_ENABLE_OBJC_WEAK = YES;
				CLANG_WARN_BLOCK_CAPTURE_AUTORELEASING = YES;
				CLANG_WARN_BOOL_CONVERSION = YES;
				CLANG_WARN_COMMA = YES;
				CLANG_WARN_CONSTANT_CONVERSION = YES;
				CLANG_WARN_DEPRECATED_OBJC_IMPLEMENTATIONS = YES;
				CLANG_WARN_DIRECT_OBJC_ISA_USAGE = YES_ERROR;
				CLANG_WARN_DOCUMENTATION_COMMENTS = YES;
				CLANG_WARN_EMPTY_BODY = YES;
				CLANG_WARN_ENUM_CONVERSION = YES;
				CLANG_WARN_INFINITE_RECURSION = YES;
				CLANG_WARN_INT_CONVERSION = YES;
				CLANG_WARN_NON_LITERAL_NULL_CONVERSION = YES;
				CLANG_WARN_OBJC_IMPLICIT_RETAIN_SELF = YES;
				CLANG_WARN_OBJC_LITERAL_CONVERSION = YES;
				CLANG_WARN_OBJC_ROOT_CLASS = YES_ERROR;
				CLANG_WARN_QUOTED_INCLUDE_IN_FRAMEWORK_HEADER = YES;
				CLANG_WARN_RANGE_LOOP_ANALYSIS = YES;
				CLANG_WARN_STRICT_PROTOTYPES = YES;
				CLANG_WARN_SUSPICIOUS_MOVE = YES;
				CLANG_WARN_UNGUARDED_AVAILABILITY = YES_AGGRESSIVE;
				CLANG_WARN_UNREACHABLE_CODE = YES;
				CLANG_WARN__DUPLICATE_METHOD_MATCH = YES;
				COPY_PHASE_STRIP = NO;
				DEBUG_INFORMATION_FORMAT = "dwarf-with-dsym";
				ENABLE_NS_ASSERTIONS = NO;
				ENABLE_STRICT_OBJC_MSGSEND = YES;
				ENABLE_USER_SCRIPT_SANDBOXING = YES;
				GCC_C_LANGUAGE_STANDARD = gnu17;
				GCC_NO_COMMON_BLOCKS = YES;
				GCC_WARN_64_TO_32_BIT_CONVERSION = YES;
				GCC_WARN_ABOUT_RETURN_TYPE = YES_ERROR;
				GCC_WARN_UNDECLARED_SELECTOR = YES;
				GCC_WARN_UNINITIALIZED_AUTOS = YES_AGGRESSIVE;
				GCC_WARN_UNUSED_FUNCTION = YES;
				GCC_WARN_UNUSED_VARIABLE = YES;
				LOCALIZATION_PREFERS_STRING_CATALOGS = YES;
				MTL_ENABLE_DEBUG_INFO = NO;
				MTL_FAST_MATH = YES;
				SWIFT_COMPILATION_MODE = wholemodule;
			};
			name = Release;
		};
		D0373CDB2E1C55960081FF26 /* Debug */ = {
			isa = XCBuildConfiguration;
			buildSettings = {
				ASSETCATALOG_COMPILER_APPICON_NAME = AppIcon;
				ASSETCATALOG_COMPILER_GLOBAL_ACCENT_COLOR_NAME = AccentColor;
				CODE_SIGN_ENTITLEMENTS = MeTime/MeTime.entitlements;
				CODE_SIGN_STYLE = Automatic;
				CURRENT_PROJECT_VERSION = 1;
				DEVELOPMENT_ASSET_PATHS = "\"MeTime/Preview Content\"";
				DEVELOPMENT_TEAM = 64J367B666;
				ENABLE_HARDENED_RUNTIME = YES;
				ENABLE_PREVIEWS = YES;
				GENERATE_INFOPLIST_FILE = YES;
				INFOPLIST_KEY_NSCalendarsUsageDescription = "MeTime App requires access to the calendar.";
				"INFOPLIST_KEY_UIApplicationSceneManifest_Generation[sdk=iphoneos*]" = YES;
				"INFOPLIST_KEY_UIApplicationSceneManifest_Generation[sdk=iphonesimulator*]" = YES;
				"INFOPLIST_KEY_UIApplicationSupportsIndirectInputEvents[sdk=iphoneos*]" = YES;
				"INFOPLIST_KEY_UIApplicationSupportsIndirectInputEvents[sdk=iphonesimulator*]" = YES;
				"INFOPLIST_KEY_UILaunchScreen_Generation[sdk=iphoneos*]" = YES;
				"INFOPLIST_KEY_UILaunchScreen_Generation[sdk=iphonesimulator*]" = YES;
				"INFOPLIST_KEY_UIStatusBarStyle[sdk=iphoneos*]" = UIStatusBarStyleDefault;
				"INFOPLIST_KEY_UIStatusBarStyle[sdk=iphonesimulator*]" = UIStatusBarStyleDefault;
				INFOPLIST_KEY_UISupportedInterfaceOrientations_iPad = "UIInterfaceOrientationPortrait UIInterfaceOrientationPortraitUpsideDown UIInterfaceOrientationLandscapeLeft UIInterfaceOrientationLandscapeRight";
				INFOPLIST_KEY_UISupportedInterfaceOrientations_iPhone = "UIInterfaceOrientationPortrait UIInterfaceOrientationLandscapeLeft UIInterfaceOrientationLandscapeRight";
				IPHONEOS_DEPLOYMENT_TARGET = 18.2;
				LD_RUNPATH_SEARCH_PATHS = "@executable_path/Frameworks";
				"LD_RUNPATH_SEARCH_PATHS[sdk=macosx*]" = "@executable_path/../Frameworks";
				MACOSX_DEPLOYMENT_TARGET = 14.0;
				MARKETING_VERSION = 1.0;
				PRODUCT_BUNDLE_IDENTIFIER = com.MeTime.MeTime;
				PRODUCT_NAME = "$(TARGET_NAME)";
				SDKROOT = auto;
				SUPPORTED_PLATFORMS = "iphoneos iphonesimulator macosx xros xrsimulator";
				SWIFT_EMIT_LOC_STRINGS = YES;
				SWIFT_VERSION = 5.0;
				TARGETED_DEVICE_FAMILY = "1,2,7";
				XROS_DEPLOYMENT_TARGET = 2.2;
			};
			name = Debug;
		};
		D0373CDC2E1C55960081FF26 /* Release */ = {
			isa = XCBuildConfiguration;
			buildSettings = {
				ASSETCATALOG_COMPILER_APPICON_NAME = AppIcon;
				ASSETCATALOG_COMPILER_GLOBAL_ACCENT_COLOR_NAME = AccentColor;
				CODE_SIGN_ENTITLEMENTS = MeTime/MeTime.entitlements;
				CODE_SIGN_STYLE = Automatic;
				CURRENT_PROJECT_VERSION = 1;
				DEVELOPMENT_ASSET_PATHS = "\"MeTime/Preview Content\"";
				DEVELOPMENT_TEAM = 64J367B666;
				ENABLE_HARDENED_RUNTIME = YES;
				ENABLE_PREVIEWS = YES;
				GENERATE_INFOPLIST_FILE = YES;
				INFOPLIST_KEY_NSCalendarsUsageDescription = "MeTime App requires access to the calendar.";
				"INFOPLIST_KEY_UIApplicationSceneManifest_Generation[sdk=iphoneos*]" = YES;
				"INFOPLIST_KEY_UIApplicationSceneManifest_Generation[sdk=iphonesimulator*]" = YES;
				"INFOPLIST_KEY_UIApplicationSupportsIndirectInputEvents[sdk=iphoneos*]" = YES;
				"INFOPLIST_KEY_UIApplicationSupportsIndirectInputEvents[sdk=iphonesimulator*]" = YES;
				"INFOPLIST_KEY_UILaunchScreen_Generation[sdk=iphoneos*]" = YES;
				"INFOPLIST_KEY_UILaunchScreen_Generation[sdk=iphonesimulator*]" = YES;
				"INFOPLIST_KEY_UIStatusBarStyle[sdk=iphoneos*]" = UIStatusBarStyleDefault;
				"INFOPLIST_KEY_UIStatusBarStyle[sdk=iphonesimulator*]" = UIStatusBarStyleDefault;
				INFOPLIST_KEY_UISupportedInterfaceOrientations_iPad = "UIInterfaceOrientationPortrait UIInterfaceOrientationPortraitUpsideDown UIInterfaceOrientationLandscapeLeft UIInterfaceOrientationLandscapeRight";
				INFOPLIST_KEY_UISupportedInterfaceOrientations_iPhone = "UIInterfaceOrientationPortrait UIInterfaceOrientationLandscapeLeft UIInterfaceOrientationLandscapeRight";
				IPHONEOS_DEPLOYMENT_TARGET = 18.2;
				LD_RUNPATH_SEARCH_PATHS = "@executable_path/Frameworks";
				"LD_RUNPATH_SEARCH_PATHS[sdk=macosx*]" = "@executable_path/../Frameworks";
				MACOSX_DEPLOYMENT_TARGET = 14.0;
				MARKETING_VERSION = 1.0;
				PRODUCT_BUNDLE_IDENTIFIER = com.MeTime.MeTime;
				PRODUCT_NAME = "$(TARGET_NAME)";
				SDKROOT = auto;
				SUPPORTED_PLATFORMS = "iphoneos iphonesimulator macosx xros xrsimulator";
				SWIFT_EMIT_LOC_STRINGS = YES;
				SWIFT_VERSION = 5.0;
				TARGETED_DEVICE_FAMILY = "1,2,7";
				XROS_DEPLOYMENT_TARGET = 2.2;
			};
			name = Release;
		};
/* End XCBuildConfiguration section */

/* Begin XCConfigurationList section */
		D0373CC42E1C55950081FF26 /* Build configuration list for PBXProject "MeTime" */ = {
			isa = XCConfigurationList;
			buildConfigurations = (
				D0373CD82E1C55960081FF26 /* Debug */,
				D0373CD92E1C55960081FF26 /* Release */,
			);
			defaultConfigurationIsVisible = 0;
			defaultConfigurationName = Release;
		};
		D0373CDA2E1C55960081FF26 /* Build configuration list for PBXNativeTarget "MeTime" */ = {
			isa = XCConfigurationList;
			buildConfigurations = (
				D0373CDB2E1C55960081FF26 /* Debug */,
				D0373CDC2E1C55960081FF26 /* Release */,
			);
			defaultConfigurationIsVisible = 0;
			defaultConfigurationName = Release;
		};
/* End XCConfigurationList section */

/* Begin XCRemoteSwiftPackageReference section */
		D0373D062E1D2EDD0081FF26 /* XCRemoteSwiftPackageReference "firebase-ios-sdk" */ = {
			isa = XCRemoteSwiftPackageReference;
			repositoryURL = "https://github.com/firebase/firebase-ios-sdk.git";
			requirement = {
				kind = upToNextMajorVersion;
				minimumVersion = 11.15.0;
			};
		};
/* End XCRemoteSwiftPackageReference section */

/* Begin XCSwiftPackageProductDependency section */
		D0373D072E1D2EDD0081FF26 /* FirebaseAuth */ = {
			isa = XCSwiftPackageProductDependency;
			package = D0373D062E1D2EDD0081FF26 /* XCRemoteSwiftPackageReference "firebase-ios-sdk" */;
			productName = FirebaseAuth;
		};
		D0373D092E1D2EDD0081FF26 /* FirebaseCore */ = {
			isa = XCSwiftPackageProductDependency;
			package = D0373D062E1D2EDD0081FF26 /* XCRemoteSwiftPackageReference "firebase-ios-sdk" */;
			productName = FirebaseCore;
		};
		D0373D0B2E1D2EDD0081FF26 /* FirebaseDatabase */ = {
			isa = XCSwiftPackageProductDependency;
			package = D0373D062E1D2EDD0081FF26 /* XCRemoteSwiftPackageReference "firebase-ios-sdk" */;
			productName = FirebaseDatabase;
		};
		D0373D0D2E1D2EDD0081FF26 /* FirebaseFirestore */ = {
			isa = XCSwiftPackageProductDependency;
			package = D0373D062E1D2EDD0081FF26 /* XCRemoteSwiftPackageReference "firebase-ios-sdk" */;
			productName = FirebaseFirestore;
		};
		D0373D0F2E1D2EDD0081FF26 /* FirebaseFunctions */ = {
			isa = XCSwiftPackageProductDependency;
			package = D0373D062E1D2EDD0081FF26 /* XCRemoteSwiftPackageReference "firebase-ios-sdk" */;
			productName = FirebaseFunctions;
		};
		D0373D112E1D2EDD0081FF26 /* FirebaseFunctionsCombine-Community */ = {
			isa = XCSwiftPackageProductDependency;
			package = D0373D062E1D2EDD0081FF26 /* XCRemoteSwiftPackageReference "firebase-ios-sdk" */;
			productName = "FirebaseFunctionsCombine-Community";
		};
		D0373D132E1D2EDD0081FF26 /* FirebaseInAppMessaging-Beta */ = {
			isa = XCSwiftPackageProductDependency;
			package = D0373D062E1D2EDD0081FF26 /* XCRemoteSwiftPackageReference "firebase-ios-sdk" */;
			productName = "FirebaseInAppMessaging-Beta";
		};
		D0373D152E1D2EDD0081FF26 /* FirebaseMessaging */ = {
			isa = XCSwiftPackageProductDependency;
			package = D0373D062E1D2EDD0081FF26 /* XCRemoteSwiftPackageReference "firebase-ios-sdk" */;
			productName = FirebaseMessaging;
		};
		D0373D172E1D2EDD0081FF26 /* FirebaseStorage */ = {
			isa = XCSwiftPackageProductDependency;
			package = D0373D062E1D2EDD0081FF26 /* XCRemoteSwiftPackageReference "firebase-ios-sdk" */;
			productName = FirebaseStorage;
		};
		D0373D192E1D2EDD0081FF26 /* FirebaseStorageCombine-Community */ = {
			isa = XCSwiftPackageProductDependency;
			package = D0373D062E1D2EDD0081FF26 /* XCRemoteSwiftPackageReference "firebase-ios-sdk" */;
			productName = "FirebaseStorageCombine-Community";
		};
/* End XCSwiftPackageProductDependency section */
	};
	rootObject = D0373CC12E1C55950081FF26 /* Project object */;
}
